
Microsoft Visual Studio Solution File, Format Version 12.00
# Visual Studio 15
VisualStudioVersion = 15.0.27428.2015
MinimumVisualStudioVersion = 10.0.40219.1
Project("{FAE04EC0-301F-11D3-BF4B-00C04F79EFBC}") = "Alexander_Badrishvili_4108_final", "Alexander_Badrishvili_4108_final\Alexander_Badrishvili_4108_final.csproj", "{402A8061-9CA4-468D-8378-29447251AB0A}"
EndProject
Global
	GlobalSection(SolutionConfigurationPlatforms) = preSolution
		Debug|Any CPU = Debug|Any CPU
		Release|Any CPU = Release|Any CPU
	EndGlobalSection
	GlobalSection(ProjectConfigurationPlatforms) = postSolution
		{402A8061-9CA4-468D-8378-29447251AB0A}.Debug|Any CPU.ActiveCfg = Debug|Any CPU
		{402A8061-9CA4-468D-8378-29447251AB0A}.Debug|Any CPU.Build.0 = Debug|Any CPU
		{402A8061-9CA4-468D-8378-29447251AB0A}.Release|Any CPU.ActiveCfg = Release|Any CPU
		{402A8061-9CA4-468D-8378-29447251AB0A}.Release|Any CPU.Build.0 = Release|Any CPU
	EndGlobalSection
	GlobalSection(SolutionProperties) = preSolution
		HideSolutionNode = FALSE
	EndGlobalSection
	GlobalSection(ExtensibilityGlobals) = postSolution
		SolutionGuid = {8BEA11A4-2528-48E8-BAC4-D9E81310AFA7}
	EndGlobalSection
EndGlobal
